schema: '2.0'
stages:
  load_data:
    cmd: python -m src.data_loading.load_data
    deps:
    - path: src/data_loading/load_data.py
      hash: md5
      md5: af92844ce869a296952fc080487a7a57
      size: 1468
    outs:
    - path: data/raw/raw.csv
      hash: md5
      md5: 8b2570c9ed61d110fb0a3866c7a869e0
      size: 116187
  preprocess_data:
    cmd: python -m src.data_preprocessing.preprocess_data
    deps:
    - path: data/raw/raw.csv
      hash: md5
      md5: 8b2570c9ed61d110fb0a3866c7a869e0
      size: 116187
    - path: src/data_preprocessing/preprocess_data.py
      hash: md5
      md5: 727f22f9650a9dfb2b1a217912d46034
      size: 3993
    params:
      params.yaml:
        preprocess_data.random_seed: 42
        preprocess_data.test_size: 0.2
    outs:
    - path: artifacts/[features]_mean_imputer.joblib
      hash: md5
      md5: 92c2b65e72ae6d6384999ca2be4f7bcd
      size: 1511
    - path: data/preprocessed/test_preprocessed.csv
      hash: md5
      md5: ee799241efa5b1c06ac7a7640083ee1b
      size: 26675
    - path: data/preprocessed/train_preprocessed.csv
      hash: md5
      md5: 427108958a79dc302a6b1f8914dbc059
      size: 106115
  engineer_features:
    cmd: python -m src.feature_engineering.engineer_features
    deps:
    - path: data/preprocessed/test_preprocessed.csv
      hash: md5
      md5: ee799241efa5b1c06ac7a7640083ee1b
      size: 26675
    - path: data/preprocessed/train_preprocessed.csv
      hash: md5
      md5: 427108958a79dc302a6b1f8914dbc059
      size: 106115
    - path: src/feature_engineering/engineer_features.py
      hash: md5
      md5: f8446b81a185b5c5d4b06fd60a3b9b9f
      size: 3052
    outs:
    - path: artifacts/[features]_scaler.joblib
      hash: md5
      md5: 1e7516d48e3b6df8cddacf1f19c553a7
      size: 2135
    - path: data/processed/test_processed.csv
      hash: md5
      md5: 7fe97a26dcc46bfe942b16f8ed551f76
      size: 67509
    - path: data/processed/train_processed.csv
      hash: md5
      md5: d7f9618408c5415f2748e46a92bec9ff
      size: 268531
  train:
    cmd: python -m src.model_training.train_model
    deps:
    - path: data/processed/train_processed.csv
      hash: md5
      md5: d7f9618408c5415f2748e46a92bec9ff
      size: 268531
    - path: src/model_training/train_model.py
      hash: md5
      md5: 37f42fcfe8871b00671c2a3021d29f03
      size: 6567
    params:
      params.yaml:
        train.batch_size: 16
        train.dropout_rate: 0.3
        train.epochs: 100
        train.hidden_layer_1_neurons: 64
        train.hidden_layer_2_neurons: 32
        train.learning_rate: 0.001
    outs:
    - path: artifacts/[target]_one_hot_encoder.joblib
      hash: md5
      md5: 9c68e41a114fdb0985121e8d89f055bc
      size: 617
    - path: metrics/training.json
      hash: md5
      md5: e09ae0974d3209d5bd6037aef26f567d
      size: 139
    - path: models/model.keras
      hash: md5
      md5: f4f90915ea6a4b61256ebbb314f00e1c
      size: 79417
  evaluate:
    cmd: python -m src.model_evaluation.evaluate_model
    deps:
    - path: artifacts/[target]_one_hot_encoder.joblib
      hash: md5
      md5: 9c68e41a114fdb0985121e8d89f055bc
      size: 617
    - path: data/processed/test_processed.csv
      hash: md5
      md5: 7fe97a26dcc46bfe942b16f8ed551f76
      size: 67509
    - path: models/model.keras
      hash: md5
      md5: f4f90915ea6a4b61256ebbb314f00e1c
      size: 79417
    - path: src/model_evaluation/evaluate_model.py
      hash: md5
      md5: 08149e0fe2e30e8d5c6405f03c88c0d9
      size: 3284
    outs:
    - path: metrics/evaluation.json
      hash: md5
      md5: e2302f87063f633779cadcc5564c756f
      size: 755
