schema: '2.0'
stages:
  load_data:
    cmd: python -m src.data_loading.load_data
    deps:
    - path: src/data_loading/load_data.py
      hash: md5
      md5: af92844ce869a296952fc080487a7a57
      size: 1468
    outs:
    - path: data/raw/raw.csv
      hash: md5
      md5: 26e12a793e7798ac23ef13f06c7d9648
      size: 116187
  preprocess_data:
    cmd: python -m src.data_preprocessing.preprocess_data
    deps:
    - path: data/raw/raw.csv
      hash: md5
      md5: 26e12a793e7798ac23ef13f06c7d9648
      size: 116187
    - path: src/data_preprocessing/preprocess_data.py
      hash: md5
      md5: 727f22f9650a9dfb2b1a217912d46034
      size: 3993
    params:
      params.yaml:
        preprocess_data.random_seed: 42
        preprocess_data.test_size: 0.2
    outs:
    - path: artifacts/[features]_mean_imputer.joblib
      hash: md5
      md5: 7725346411fd06712092fe71c406a1a8
      size: 1511
    - path: data/preprocessed/test_preprocessed.csv
      hash: md5
      md5: 863840a802f7b8c7fb56b5cd7f7be1e6
      size: 26809
    - path: data/preprocessed/train_preprocessed.csv
      hash: md5
      md5: 3e29f210ba213377796091a38d91cdb4
      size: 105886
  engineer_features:
    cmd: python -m src.feature_engineering.engineer_features
    deps:
    - path: data/preprocessed/test_preprocessed.csv
      hash: md5
      md5: 863840a802f7b8c7fb56b5cd7f7be1e6
      size: 26809
    - path: data/preprocessed/train_preprocessed.csv
      hash: md5
      md5: 3e29f210ba213377796091a38d91cdb4
      size: 105886
    - path: src/feature_engineering/engineer_features.py
      hash: md5
      md5: f8446b81a185b5c5d4b06fd60a3b9b9f
      size: 3052
    outs:
    - path: artifacts/[features]_scaler.joblib
      hash: md5
      md5: bb86c194c85fd32483d32fd4929f2cb9
      size: 2135
    - path: data/processed/test_processed.csv
      hash: md5
      md5: 8223e2431b6e53bc3b73504a8ef2816d
      size: 67510
    - path: data/processed/train_processed.csv
      hash: md5
      md5: ad6093e77b963faa2b1d86d60f3ea981
      size: 269160
  train:
    cmd: python -m src.model_training.train_model
    deps:
    - path: data/processed/train_processed.csv
      hash: md5
      md5: ad6093e77b963faa2b1d86d60f3ea981
      size: 269160
    - path: src/model_training/train_model.py
      hash: md5
      md5: 3e14754579340708a45eb7710804824e
      size: 5759
    params:
      params.yaml:
        train.batch_size: 16
        train.dropout_rate: 0.3
        train.epochs: 100
        train.hidden_layer_1_neurons: 64
        train.hidden_layer_2_neurons: 32
        train.learning_rate: 0.001
    outs:
    - path: artifacts/[target]_one_hot_encoder.joblib
      hash: md5
      md5: 9c68e41a114fdb0985121e8d89f055bc
      size: 617
    - path: metrics/training.json
      hash: md5
      md5: 601a10452fd4bb5a061a4d49d9fd3d83
      size: 140
    - path: models/model.keras
      hash: md5
      md5: 4faeed21a6e88107187b48518e87bd27
      size: 79417
  evaluate:
    cmd: python -m src.model_evaluation.evaluate_model
    deps:
    - path: artifacts/[target]_one_hot_encoder.joblib
      hash: md5
      md5: 9c68e41a114fdb0985121e8d89f055bc
      size: 617
    - path: data/processed/test_processed.csv
      hash: md5
      md5: 8223e2431b6e53bc3b73504a8ef2816d
      size: 67510
    - path: models/model.keras
      hash: md5
      md5: 4faeed21a6e88107187b48518e87bd27
      size: 79417
    - path: src/model_evaluation/evaluate_model.py
      hash: md5
      md5: e32adda71db96641465bffce17bbebaa
      size: 3291
    outs:
    - path: metrics/evaluation.json
      hash: md5
      md5: 2d760310355867197af9fac6b80d9f04
      size: 792
