schema: '2.0'
stages:
  load_data:
    cmd: python -m src.data_loading.load_data
    deps:
    - path: src/data_loading/load_data.py
      hash: md5
      md5: af92844ce869a296952fc080487a7a57
      size: 1468
    outs:
    - path: data/raw/raw.csv
      hash: md5
      md5: 224d66180d9f573e53fa15bc98446a85
      size: 116187
  preprocess_data:
    cmd: python -m src.data_preprocessing.preprocess_data
    deps:
    - path: data/raw/raw.csv
      hash: md5
      md5: 224d66180d9f573e53fa15bc98446a85
      size: 116187
    - path: src/data_preprocessing/preprocess_data.py
      hash: md5
      md5: 727f22f9650a9dfb2b1a217912d46034
      size: 3993
    params:
      params.yaml:
        preprocess_data.random_seed: 42
        preprocess_data.test_size: 0.2
    outs:
    - path: artifacts/[features]_mean_imputer.joblib
      hash: md5
      md5: 4eb61f59167bcf57c1b8fd98b75f2b0b
      size: 1511
    - path: data/preprocessed/test_preprocessed.csv
      hash: md5
      md5: 420ae1bcb55c108a84975ebded82ce49
      size: 26844
    - path: data/preprocessed/train_preprocessed.csv
      hash: md5
      md5: 10c9951f5938ecc8b7290e289e618875
      size: 105934
  engineer_features:
    cmd: python -m src.feature_engineering.engineer_features
    deps:
    - path: data/preprocessed/test_preprocessed.csv
      hash: md5
      md5: 420ae1bcb55c108a84975ebded82ce49
      size: 26844
    - path: data/preprocessed/train_preprocessed.csv
      hash: md5
      md5: 10c9951f5938ecc8b7290e289e618875
      size: 105934
    - path: src/feature_engineering/engineer_features.py
      hash: md5
      md5: f8446b81a185b5c5d4b06fd60a3b9b9f
      size: 3052
    outs:
    - path: artifacts/[features]_scaler.joblib
      hash: md5
      md5: 957092e5ee6d7334c9a7a90ab0cd6661
      size: 2135
    - path: data/processed/test_processed.csv
      hash: md5
      md5: 58860a13a76b795c0ea4e09e06cba26c
      size: 67983
    - path: data/processed/train_processed.csv
      hash: md5
      md5: e580cecfb34525fff7c242e2aecb34ec
      size: 268433
  train:
    cmd: python -m src.model_training.train_model
    deps:
    - path: data/processed/train_processed.csv
      hash: md5
      md5: e580cecfb34525fff7c242e2aecb34ec
      size: 268433
    - path: src/model_training/train_model.py
      hash: md5
      md5: 3e14754579340708a45eb7710804824e
      size: 5759
    params:
      params.yaml:
        train.batch_size: 16
        train.dropout_rate: 0.3
        train.epochs: 100
        train.hidden_layer_1_neurons: 64
        train.hidden_layer_2_neurons: 32
        train.learning_rate: 0.001
    outs:
    - path: artifacts/[target]_one_hot_encoder.joblib
      hash: md5
      md5: 9c68e41a114fdb0985121e8d89f055bc
      size: 617
    - path: metrics/training.json
      hash: md5
      md5: 39d4ffca9146bacc6b39a62b3961a1fa
      size: 140
    - path: models/model.keras
      hash: md5
      md5: 5e3a0c2442bf39ac3ad7b32896f29867
      size: 79417
  evaluate:
    cmd: python -m src.model_evaluation.evaluate_model
    deps:
    - path: artifacts/[target]_one_hot_encoder.joblib
      hash: md5
      md5: 9c68e41a114fdb0985121e8d89f055bc
      size: 617
    - path: data/processed/test_processed.csv
      hash: md5
      md5: 58860a13a76b795c0ea4e09e06cba26c
      size: 67983
    - path: models/model.keras
      hash: md5
      md5: 5e3a0c2442bf39ac3ad7b32896f29867
      size: 79417
    - path: src/model_evaluation/evaluate_model.py
      hash: md5
      md5: 08149e0fe2e30e8d5c6405f03c88c0d9
      size: 3284
    outs:
    - path: metrics/evaluation.json
      hash: md5
      md5: 82cf4562add9d82866f3317440f6c981
      size: 792
